
Microsoft Visual Studio Solution File, Format Version 12.00
# Visual Studio Version 17
VisualStudioVersion = 17.0.31903.59
MinimumVisualStudioVersion = 10.0.40219.1
Project("{FAE04EC0-301F-11D3-BF4B-00C04F79EFBC}") = "TargetsGameApp", "TargetsGameApp\TargetsGameApp.csproj", "{5FBC0647-1790-4121-AB66-48F9580BE6D6}"
EndProject
Project("{FAE04EC0-301F-11D3-BF4B-00C04F79EFBC}") = "TargetsGameTests", "TargetsGameTests\TargetsGameTests.csproj", "{BFC775DE-3BBF-4E33-BA65-0C386AD178B0}"
EndProject
Global
	GlobalSection(SolutionConfigurationPlatforms) = preSolution
		Debug|Any CPU = Debug|Any CPU
		Release|Any CPU = Release|Any CPU
	EndGlobalSection
	GlobalSection(SolutionProperties) = preSolution
		HideSolutionNode = FALSE
	EndGlobalSection
	GlobalSection(ProjectConfigurationPlatforms) = postSolution
		{5FBC0647-1790-4121-AB66-48F9580BE6D6}.Debug|Any CPU.ActiveCfg = Debug|Any CPU
		{5FBC0647-1790-4121-AB66-48F9580BE6D6}.Debug|Any CPU.Build.0 = Debug|Any CPU
		{5FBC0647-1790-4121-AB66-48F9580BE6D6}.Release|Any CPU.ActiveCfg = Release|Any CPU
		{5FBC0647-1790-4121-AB66-48F9580BE6D6}.Release|Any CPU.Build.0 = Release|Any CPU
		{BFC775DE-3BBF-4E33-BA65-0C386AD178B0}.Debug|Any CPU.ActiveCfg = Debug|Any CPU
		{BFC775DE-3BBF-4E33-BA65-0C386AD178B0}.Debug|Any CPU.Build.0 = Debug|Any CPU
		{BFC775DE-3BBF-4E33-BA65-0C386AD178B0}.Release|Any CPU.ActiveCfg = Release|Any CPU
		{BFC775DE-3BBF-4E33-BA65-0C386AD178B0}.Release|Any CPU.Build.0 = Release|Any CPU
	EndGlobalSection
EndGlobal
